
Microsoft Visual Studio Solution File, Format Version 12.00
# Visual Studio 15
VisualStudioVersion = 15.0.26430.6
MinimumVisualStudioVersion = 10.0.40219.1
Project("{FAE04EC0-301F-11D3-BF4B-00C04F79EFBC}") = "Checker", "Checker\Checker.csproj", "{C2620AE8-F779-4C3E-8055-7974AE09A842}"
	ProjectSection(ProjectDependencies) = postProject
		{31CF1013-AA02-4C0D-8356-C7B303CB2196} = {31CF1013-AA02-4C0D-8356-C7B303CB2196}
	EndProjectSection
EndProject
Project("{FAE04EC0-301F-11D3-BF4B-00C04F79EFBC}") = "Manipulator", "Manipulator\Manipulator.csproj", "{D14AD33F-6F17-4ED7-8708-06DBB61F03BF}"
EndProject
Project("{FAE04EC0-301F-11D3-BF4B-00C04F79EFBC}") = "Reader", "Reader\Reader.csproj", "{9A8873E0-FC64-4586-AA54-874EF09C129F}"
EndProject
Project("{FAE04EC0-301F-11D3-BF4B-00C04F79EFBC}") = "Developer", "Developer\Developer.csproj", "{4D14EA0A-8E9A-42BB-9252-99CDE824129B}"
EndProject
Project("{FAE04EC0-301F-11D3-BF4B-00C04F79EFBC}") = "Velox", "Velox\Velox.csproj", "{DE47CB74-31C2-43BE-A54A-DB6F8DD6A4C4}"
EndProject
Project("{FAE04EC0-301F-11D3-BF4B-00C04F79EFBC}") = "Debugger", "Debugger\Debugger.csproj", "{AC2EAAEA-9FD6-4F59-AF80-F2B39AE1460D}"
EndProject
Project("{FAE04EC0-301F-11D3-BF4B-00C04F79EFBC}") = "Database.Oracle", "Database.Oracle\Database.Oracle.csproj", "{EB0C5467-C2D5-4901-B23A-AD464DA948C9}"
	ProjectSection(ProjectDependencies) = postProject
		{A7E56F1D-C938-435F-8FB3-C6FE8DFF658A} = {A7E56F1D-C938-435F-8FB3-C6FE8DFF658A}
		{BFD63A73-6902-4F6F-87F1-D5CE5671B1A6} = {BFD63A73-6902-4F6F-87F1-D5CE5671B1A6}
		{C0FD1FCE-F315-41D3-A6DF-2FA92EF069BA} = {C0FD1FCE-F315-41D3-A6DF-2FA92EF069BA}
	EndProjectSection
EndProject
Project("{FAE04EC0-301F-11D3-BF4B-00C04F79EFBC}") = "Controls", "Control\Controls.csproj", "{C1D338C4-12A0-47DB-8E23-85591A9B9598}"
EndProject
Project("{FAE04EC0-301F-11D3-BF4B-00C04F79EFBC}") = "PageManager", "PageManager\PageManager.csproj", "{786352BF-81F5-4678-B2E4-EF097491196D}"
EndProject
Project("{FAE04EC0-301F-11D3-BF4B-00C04F79EFBC}") = "Drawing", "Drawing\Drawing.csproj", "{66090592-58B0-48AA-87C3-3ECA45875030}"
EndProject
Project("{FAE04EC0-301F-11D3-BF4B-00C04F79EFBC}") = "Versioning", "Versioning\Versioning.csproj", "{9758AC16-E25C-4766-8BED-C2B24ECCA87C}"
EndProject
Project("{FAE04EC0-301F-11D3-BF4B-00C04F79EFBC}") = "Socket", "Socket\Socket.csproj", "{1EECC61D-9891-4A20-990C-B95E1F45FE92}"
EndProject
Project("{FAE04EC0-301F-11D3-BF4B-00C04F79EFBC}") = "TcpWinForm", "TcpWinForm\TcpWinForm.csproj", "{48DB59B8-445F-4C96-AC12-3C22F95929BB}"
EndProject
Project("{FAE04EC0-301F-11D3-BF4B-00C04F79EFBC}") = "LIListener", "LIListener\LIListener.csproj", "{CE093584-B8A8-46D6-BCE0-E6EFC711C644}"
EndProject
Project("{FAE04EC0-301F-11D3-BF4B-00C04F79EFBC}") = "Cryptography", "Cryptography\Cryptography.csproj", "{0447A58D-BD32-4938-AA8C-343A8E3E6C95}"
EndProject
Project("{FAE04EC0-301F-11D3-BF4B-00C04F79EFBC}") = "String", "String\String.csproj", "{31CF1013-AA02-4C0D-8356-C7B303CB2196}"
EndProject
Project("{FAE04EC0-301F-11D3-BF4B-00C04F79EFBC}") = "Algorithms", "Algorithms\Algorithms.csproj", "{4E1466BE-A252-4D7E-8A72-3BC7313BEEEE}"
EndProject
Project("{FAE04EC0-301F-11D3-BF4B-00C04F79EFBC}") = "Database.SqlServer", "Database.SqlServer\Database.SqlServer.csproj", "{D8CA8157-1B8C-4828-B1B2-ED91A06056B7}"
	ProjectSection(ProjectDependencies) = postProject
		{31CF1013-AA02-4C0D-8356-C7B303CB2196} = {31CF1013-AA02-4C0D-8356-C7B303CB2196}
		{A7E56F1D-C938-435F-8FB3-C6FE8DFF658A} = {A7E56F1D-C938-435F-8FB3-C6FE8DFF658A}
		{BFD63A73-6902-4F6F-87F1-D5CE5671B1A6} = {BFD63A73-6902-4F6F-87F1-D5CE5671B1A6}
		{C0FD1FCE-F315-41D3-A6DF-2FA92EF069BA} = {C0FD1FCE-F315-41D3-A6DF-2FA92EF069BA}
	EndProjectSection
EndProject
Project("{FAE04EC0-301F-11D3-BF4B-00C04F79EFBC}") = "Extractor", "Extractor\Extractor.csproj", "{A7E56F1D-C938-435F-8FB3-C6FE8DFF658A}"
	ProjectSection(ProjectDependencies) = postProject
		{FC67F2A8-8A5C-4AE5-87F0-1CE096DF33D0} = {FC67F2A8-8A5C-4AE5-87F0-1CE096DF33D0}
	EndProjectSection
EndProject
Project("{FAE04EC0-301F-11D3-BF4B-00C04F79EFBC}") = "Values", "Values\Values.csproj", "{FC67F2A8-8A5C-4AE5-87F0-1CE096DF33D0}"
EndProject
Project("{FAE04EC0-301F-11D3-BF4B-00C04F79EFBC}") = "Models", "Models\Models.csproj", "{C0FD1FCE-F315-41D3-A6DF-2FA92EF069BA}"
EndProject
Project("{FAE04EC0-301F-11D3-BF4B-00C04F79EFBC}") = "Database", "Database\Database.csproj", "{832BBD95-F392-40A0-85F2-0425EAAC080B}"
	ProjectSection(ProjectDependencies) = postProject
		{31CF1013-AA02-4C0D-8356-C7B303CB2196} = {31CF1013-AA02-4C0D-8356-C7B303CB2196}
		{D8CA8157-1B8C-4828-B1B2-ED91A06056B7} = {D8CA8157-1B8C-4828-B1B2-ED91A06056B7}
		{BFD63A73-6902-4F6F-87F1-D5CE5671B1A6} = {BFD63A73-6902-4F6F-87F1-D5CE5671B1A6}
		{F7171E9F-2F18-434E-BEF9-92B465F411EF} = {F7171E9F-2F18-434E-BEF9-92B465F411EF}
		{15838DAB-8C5F-404A-9D6D-B2CF70D51BDA} = {15838DAB-8C5F-404A-9D6D-B2CF70D51BDA}
	EndProjectSection
EndProject
Project("{FAE04EC0-301F-11D3-BF4B-00C04F79EFBC}") = "Database.OldOracle", "Database.OldOracle\Database.OldOracle.csproj", "{98630C56-A019-4B7E-99A9-AD03DCDE73E8}"
	ProjectSection(ProjectDependencies) = postProject
		{C1D338C4-12A0-47DB-8E23-85591A9B9598} = {C1D338C4-12A0-47DB-8E23-85591A9B9598}
	EndProjectSection
EndProject
Project("{FAE04EC0-301F-11D3-BF4B-00C04F79EFBC}") = "Database.Sqlite", "Database.Sqlite\Database.Sqlite.csproj", "{15838DAB-8C5F-404A-9D6D-B2CF70D51BDA}"
	ProjectSection(ProjectDependencies) = postProject
		{A7E56F1D-C938-435F-8FB3-C6FE8DFF658A} = {A7E56F1D-C938-435F-8FB3-C6FE8DFF658A}
		{BFD63A73-6902-4F6F-87F1-D5CE5671B1A6} = {BFD63A73-6902-4F6F-87F1-D5CE5671B1A6}
		{C0FD1FCE-F315-41D3-A6DF-2FA92EF069BA} = {C0FD1FCE-F315-41D3-A6DF-2FA92EF069BA}
	EndProjectSection
EndProject
Project("{FAE04EC0-301F-11D3-BF4B-00C04F79EFBC}") = "Math", "Math\Math.csproj", "{563D59A7-DFF1-4EF9-87C1-746E3275F007}"
EndProject
Project("{FAE04EC0-301F-11D3-BF4B-00C04F79EFBC}") = "Xml", "Xml\Xml.csproj", "{1BE34449-B70F-45F5-8308-7ED12D846DCE}"
EndProject
Project("{FAE04EC0-301F-11D3-BF4B-00C04F79EFBC}") = "Database.MySql", "Database.MySQL\Database.MySql.csproj", "{F7171E9F-2F18-434E-BEF9-92B465F411EF}"
	ProjectSection(ProjectDependencies) = postProject
		{A7E56F1D-C938-435F-8FB3-C6FE8DFF658A} = {A7E56F1D-C938-435F-8FB3-C6FE8DFF658A}
		{BFD63A73-6902-4F6F-87F1-D5CE5671B1A6} = {BFD63A73-6902-4F6F-87F1-D5CE5671B1A6}
		{C0FD1FCE-F315-41D3-A6DF-2FA92EF069BA} = {C0FD1FCE-F315-41D3-A6DF-2FA92EF069BA}
	EndProjectSection
EndProject
Project("{FAE04EC0-301F-11D3-BF4B-00C04F79EFBC}") = "Database.Base", "Database.Base\Database.Base.csproj", "{BFD63A73-6902-4F6F-87F1-D5CE5671B1A6}"
EndProject
Project("{FAE04EC0-301F-11D3-BF4B-00C04F79EFBC}") = "Monitoring", "Monitoring\Monitoring.csproj", "{567199F1-9E95-4257-B897-67E945FA0FA8}"
EndProject
Global
	GlobalSection(SolutionConfigurationPlatforms) = preSolution
		Debug|Any CPU = Debug|Any CPU
		Release|Any CPU = Release|Any CPU
	EndGlobalSection
	GlobalSection(ProjectConfigurationPlatforms) = postSolution
		{C2620AE8-F779-4C3E-8055-7974AE09A842}.Debug|Any CPU.ActiveCfg = Debug|Any CPU
		{C2620AE8-F779-4C3E-8055-7974AE09A842}.Debug|Any CPU.Build.0 = Debug|Any CPU
		{C2620AE8-F779-4C3E-8055-7974AE09A842}.Release|Any CPU.ActiveCfg = Release|Any CPU
		{C2620AE8-F779-4C3E-8055-7974AE09A842}.Release|Any CPU.Build.0 = Release|Any CPU
		{D14AD33F-6F17-4ED7-8708-06DBB61F03BF}.Debug|Any CPU.ActiveCfg = Debug|Any CPU
		{D14AD33F-6F17-4ED7-8708-06DBB61F03BF}.Debug|Any CPU.Build.0 = Debug|Any CPU
		{D14AD33F-6F17-4ED7-8708-06DBB61F03BF}.Release|Any CPU.ActiveCfg = Release|Any CPU
		{D14AD33F-6F17-4ED7-8708-06DBB61F03BF}.Release|Any CPU.Build.0 = Release|Any CPU
		{9A8873E0-FC64-4586-AA54-874EF09C129F}.Debug|Any CPU.ActiveCfg = Debug|Any CPU
		{9A8873E0-FC64-4586-AA54-874EF09C129F}.Debug|Any CPU.Build.0 = Debug|Any CPU
		{9A8873E0-FC64-4586-AA54-874EF09C129F}.Release|Any CPU.ActiveCfg = Release|Any CPU
		{9A8873E0-FC64-4586-AA54-874EF09C129F}.Release|Any CPU.Build.0 = Release|Any CPU
		{4D14EA0A-8E9A-42BB-9252-99CDE824129B}.Debug|Any CPU.ActiveCfg = Debug|Any CPU
		{4D14EA0A-8E9A-42BB-9252-99CDE824129B}.Debug|Any CPU.Build.0 = Debug|Any CPU
		{4D14EA0A-8E9A-42BB-9252-99CDE824129B}.Release|Any CPU.ActiveCfg = Release|Any CPU
		{4D14EA0A-8E9A-42BB-9252-99CDE824129B}.Release|Any CPU.Build.0 = Release|Any CPU
		{DE47CB74-31C2-43BE-A54A-DB6F8DD6A4C4}.Debug|Any CPU.ActiveCfg = Debug|Any CPU
		{DE47CB74-31C2-43BE-A54A-DB6F8DD6A4C4}.Debug|Any CPU.Build.0 = Debug|Any CPU
		{DE47CB74-31C2-43BE-A54A-DB6F8DD6A4C4}.Release|Any CPU.ActiveCfg = Release|Any CPU
		{DE47CB74-31C2-43BE-A54A-DB6F8DD6A4C4}.Release|Any CPU.Build.0 = Release|Any CPU
		{AC2EAAEA-9FD6-4F59-AF80-F2B39AE1460D}.Debug|Any CPU.ActiveCfg = Debug|Any CPU
		{AC2EAAEA-9FD6-4F59-AF80-F2B39AE1460D}.Debug|Any CPU.Build.0 = Debug|Any CPU
		{AC2EAAEA-9FD6-4F59-AF80-F2B39AE1460D}.Release|Any CPU.ActiveCfg = Release|Any CPU
		{AC2EAAEA-9FD6-4F59-AF80-F2B39AE1460D}.Release|Any CPU.Build.0 = Release|Any CPU
		{EB0C5467-C2D5-4901-B23A-AD464DA948C9}.Debug|Any CPU.ActiveCfg = Debug|Any CPU
		{EB0C5467-C2D5-4901-B23A-AD464DA948C9}.Debug|Any CPU.Build.0 = Debug|Any CPU
		{EB0C5467-C2D5-4901-B23A-AD464DA948C9}.Release|Any CPU.ActiveCfg = Release|Any CPU
		{EB0C5467-C2D5-4901-B23A-AD464DA948C9}.Release|Any CPU.Build.0 = Release|Any CPU
		{C1D338C4-12A0-47DB-8E23-85591A9B9598}.Debug|Any CPU.ActiveCfg = Debug|Any CPU
		{C1D338C4-12A0-47DB-8E23-85591A9B9598}.Debug|Any CPU.Build.0 = Debug|Any CPU
		{C1D338C4-12A0-47DB-8E23-85591A9B9598}.Release|Any CPU.ActiveCfg = Release|Any CPU
		{C1D338C4-12A0-47DB-8E23-85591A9B9598}.Release|Any CPU.Build.0 = Release|Any CPU
		{786352BF-81F5-4678-B2E4-EF097491196D}.Debug|Any CPU.ActiveCfg = Debug|Any CPU
		{786352BF-81F5-4678-B2E4-EF097491196D}.Debug|Any CPU.Build.0 = Debug|Any CPU
		{786352BF-81F5-4678-B2E4-EF097491196D}.Release|Any CPU.ActiveCfg = Release|Any CPU
		{786352BF-81F5-4678-B2E4-EF097491196D}.Release|Any CPU.Build.0 = Release|Any CPU
		{66090592-58B0-48AA-87C3-3ECA45875030}.Debug|Any CPU.ActiveCfg = Debug|Any CPU
		{66090592-58B0-48AA-87C3-3ECA45875030}.Debug|Any CPU.Build.0 = Debug|Any CPU
		{66090592-58B0-48AA-87C3-3ECA45875030}.Release|Any CPU.ActiveCfg = Release|Any CPU
		{66090592-58B0-48AA-87C3-3ECA45875030}.Release|Any CPU.Build.0 = Release|Any CPU
		{9758AC16-E25C-4766-8BED-C2B24ECCA87C}.Debug|Any CPU.ActiveCfg = Debug|Any CPU
		{9758AC16-E25C-4766-8BED-C2B24ECCA87C}.Debug|Any CPU.Build.0 = Debug|Any CPU
		{9758AC16-E25C-4766-8BED-C2B24ECCA87C}.Release|Any CPU.ActiveCfg = Release|Any CPU
		{9758AC16-E25C-4766-8BED-C2B24ECCA87C}.Release|Any CPU.Build.0 = Release|Any CPU
		{1EECC61D-9891-4A20-990C-B95E1F45FE92}.Debug|Any CPU.ActiveCfg = Debug|Any CPU
		{1EECC61D-9891-4A20-990C-B95E1F45FE92}.Debug|Any CPU.Build.0 = Debug|Any CPU
		{1EECC61D-9891-4A20-990C-B95E1F45FE92}.Release|Any CPU.ActiveCfg = Release|Any CPU
		{1EECC61D-9891-4A20-990C-B95E1F45FE92}.Release|Any CPU.Build.0 = Release|Any CPU
		{48DB59B8-445F-4C96-AC12-3C22F95929BB}.Debug|Any CPU.ActiveCfg = Debug|Any CPU
		{48DB59B8-445F-4C96-AC12-3C22F95929BB}.Debug|Any CPU.Build.0 = Debug|Any CPU
		{48DB59B8-445F-4C96-AC12-3C22F95929BB}.Release|Any CPU.ActiveCfg = Release|Any CPU
		{48DB59B8-445F-4C96-AC12-3C22F95929BB}.Release|Any CPU.Build.0 = Release|Any CPU
		{CE093584-B8A8-46D6-BCE0-E6EFC711C644}.Debug|Any CPU.ActiveCfg = Debug|Any CPU
		{CE093584-B8A8-46D6-BCE0-E6EFC711C644}.Debug|Any CPU.Build.0 = Debug|Any CPU
		{CE093584-B8A8-46D6-BCE0-E6EFC711C644}.Release|Any CPU.ActiveCfg = Release|Any CPU
		{CE093584-B8A8-46D6-BCE0-E6EFC711C644}.Release|Any CPU.Build.0 = Release|Any CPU
		{0447A58D-BD32-4938-AA8C-343A8E3E6C95}.Debug|Any CPU.ActiveCfg = Debug|Any CPU
		{0447A58D-BD32-4938-AA8C-343A8E3E6C95}.Debug|Any CPU.Build.0 = Debug|Any CPU
		{0447A58D-BD32-4938-AA8C-343A8E3E6C95}.Release|Any CPU.ActiveCfg = Release|Any CPU
		{0447A58D-BD32-4938-AA8C-343A8E3E6C95}.Release|Any CPU.Build.0 = Release|Any CPU
		{31CF1013-AA02-4C0D-8356-C7B303CB2196}.Debug|Any CPU.ActiveCfg = Debug|Any CPU
		{31CF1013-AA02-4C0D-8356-C7B303CB2196}.Debug|Any CPU.Build.0 = Debug|Any CPU
		{31CF1013-AA02-4C0D-8356-C7B303CB2196}.Release|Any CPU.ActiveCfg = Release|Any CPU
		{31CF1013-AA02-4C0D-8356-C7B303CB2196}.Release|Any CPU.Build.0 = Release|Any CPU
		{4E1466BE-A252-4D7E-8A72-3BC7313BEEEE}.Debug|Any CPU.ActiveCfg = Debug|Any CPU
		{4E1466BE-A252-4D7E-8A72-3BC7313BEEEE}.Debug|Any CPU.Build.0 = Debug|Any CPU
		{4E1466BE-A252-4D7E-8A72-3BC7313BEEEE}.Release|Any CPU.ActiveCfg = Release|Any CPU
		{4E1466BE-A252-4D7E-8A72-3BC7313BEEEE}.Release|Any CPU.Build.0 = Release|Any CPU
		{D8CA8157-1B8C-4828-B1B2-ED91A06056B7}.Debug|Any CPU.ActiveCfg = Debug|Any CPU
		{D8CA8157-1B8C-4828-B1B2-ED91A06056B7}.Debug|Any CPU.Build.0 = Debug|Any CPU
		{D8CA8157-1B8C-4828-B1B2-ED91A06056B7}.Release|Any CPU.ActiveCfg = Release|Any CPU
		{D8CA8157-1B8C-4828-B1B2-ED91A06056B7}.Release|Any CPU.Build.0 = Release|Any CPU
		{A7E56F1D-C938-435F-8FB3-C6FE8DFF658A}.Debug|Any CPU.ActiveCfg = Debug|Any CPU
		{A7E56F1D-C938-435F-8FB3-C6FE8DFF658A}.Debug|Any CPU.Build.0 = Debug|Any CPU
		{A7E56F1D-C938-435F-8FB3-C6FE8DFF658A}.Release|Any CPU.ActiveCfg = Release|Any CPU
		{A7E56F1D-C938-435F-8FB3-C6FE8DFF658A}.Release|Any CPU.Build.0 = Release|Any CPU
		{FC67F2A8-8A5C-4AE5-87F0-1CE096DF33D0}.Debug|Any CPU.ActiveCfg = Debug|Any CPU
		{FC67F2A8-8A5C-4AE5-87F0-1CE096DF33D0}.Debug|Any CPU.Build.0 = Debug|Any CPU
		{FC67F2A8-8A5C-4AE5-87F0-1CE096DF33D0}.Release|Any CPU.ActiveCfg = Release|Any CPU
		{FC67F2A8-8A5C-4AE5-87F0-1CE096DF33D0}.Release|Any CPU.Build.0 = Release|Any CPU
		{C0FD1FCE-F315-41D3-A6DF-2FA92EF069BA}.Debug|Any CPU.ActiveCfg = Debug|Any CPU
		{C0FD1FCE-F315-41D3-A6DF-2FA92EF069BA}.Debug|Any CPU.Build.0 = Debug|Any CPU
		{C0FD1FCE-F315-41D3-A6DF-2FA92EF069BA}.Release|Any CPU.ActiveCfg = Release|Any CPU
		{C0FD1FCE-F315-41D3-A6DF-2FA92EF069BA}.Release|Any CPU.Build.0 = Release|Any CPU
		{832BBD95-F392-40A0-85F2-0425EAAC080B}.Debug|Any CPU.ActiveCfg = Debug|Any CPU
		{832BBD95-F392-40A0-85F2-0425EAAC080B}.Debug|Any CPU.Build.0 = Debug|Any CPU
		{832BBD95-F392-40A0-85F2-0425EAAC080B}.Release|Any CPU.ActiveCfg = Release|Any CPU
		{832BBD95-F392-40A0-85F2-0425EAAC080B}.Release|Any CPU.Build.0 = Release|Any CPU
		{98630C56-A019-4B7E-99A9-AD03DCDE73E8}.Debug|Any CPU.ActiveCfg = Debug|Any CPU
		{98630C56-A019-4B7E-99A9-AD03DCDE73E8}.Debug|Any CPU.Build.0 = Debug|Any CPU
		{98630C56-A019-4B7E-99A9-AD03DCDE73E8}.Release|Any CPU.ActiveCfg = Release|Any CPU
		{98630C56-A019-4B7E-99A9-AD03DCDE73E8}.Release|Any CPU.Build.0 = Release|Any CPU
		{15838DAB-8C5F-404A-9D6D-B2CF70D51BDA}.Debug|Any CPU.ActiveCfg = Debug|Any CPU
		{15838DAB-8C5F-404A-9D6D-B2CF70D51BDA}.Debug|Any CPU.Build.0 = Debug|Any CPU
		{15838DAB-8C5F-404A-9D6D-B2CF70D51BDA}.Release|Any CPU.ActiveCfg = Release|Any CPU
		{15838DAB-8C5F-404A-9D6D-B2CF70D51BDA}.Release|Any CPU.Build.0 = Release|Any CPU
		{563D59A7-DFF1-4EF9-87C1-746E3275F007}.Debug|Any CPU.ActiveCfg = Debug|Any CPU
		{563D59A7-DFF1-4EF9-87C1-746E3275F007}.Debug|Any CPU.Build.0 = Debug|Any CPU
		{563D59A7-DFF1-4EF9-87C1-746E3275F007}.Release|Any CPU.ActiveCfg = Release|Any CPU
		{563D59A7-DFF1-4EF9-87C1-746E3275F007}.Release|Any CPU.Build.0 = Release|Any CPU
		{1BE34449-B70F-45F5-8308-7ED12D846DCE}.Debug|Any CPU.ActiveCfg = Debug|Any CPU
		{1BE34449-B70F-45F5-8308-7ED12D846DCE}.Debug|Any CPU.Build.0 = Debug|Any CPU
		{1BE34449-B70F-45F5-8308-7ED12D846DCE}.Release|Any CPU.ActiveCfg = Release|Any CPU
		{1BE34449-B70F-45F5-8308-7ED12D846DCE}.Release|Any CPU.Build.0 = Release|Any CPU
		{F7171E9F-2F18-434E-BEF9-92B465F411EF}.Debug|Any CPU.ActiveCfg = Debug|Any CPU
		{F7171E9F-2F18-434E-BEF9-92B465F411EF}.Debug|Any CPU.Build.0 = Debug|Any CPU
		{F7171E9F-2F18-434E-BEF9-92B465F411EF}.Release|Any CPU.ActiveCfg = Release|Any CPU
		{F7171E9F-2F18-434E-BEF9-92B465F411EF}.Release|Any CPU.Build.0 = Release|Any CPU
		{BFD63A73-6902-4F6F-87F1-D5CE5671B1A6}.Debug|Any CPU.ActiveCfg = Debug|Any CPU
		{BFD63A73-6902-4F6F-87F1-D5CE5671B1A6}.Debug|Any CPU.Build.0 = Debug|Any CPU
		{BFD63A73-6902-4F6F-87F1-D5CE5671B1A6}.Release|Any CPU.ActiveCfg = Release|Any CPU
		{BFD63A73-6902-4F6F-87F1-D5CE5671B1A6}.Release|Any CPU.Build.0 = Release|Any CPU
		{567199F1-9E95-4257-B897-67E945FA0FA8}.Debug|Any CPU.ActiveCfg = Debug|Any CPU
		{567199F1-9E95-4257-B897-67E945FA0FA8}.Debug|Any CPU.Build.0 = Debug|Any CPU
		{567199F1-9E95-4257-B897-67E945FA0FA8}.Release|Any CPU.ActiveCfg = Release|Any CPU
		{567199F1-9E95-4257-B897-67E945FA0FA8}.Release|Any CPU.Build.0 = Release|Any CPU
	EndGlobalSection
	GlobalSection(SolutionProperties) = preSolution
		HideSolutionNode = FALSE
	EndGlobalSection
	GlobalSection(ExtensibilityGlobals) = postSolution
		SolutionGuid = {BEAB90C4-57D5-4CEA-90C4-0D983D2920E2}
		EnterpriseLibraryConfigurationToolBinariesPathV6 = packages\EnterpriseLibrary.TransientFaultHandling.6.0.1304.0\lib\portable-net45+win+wp8;packages\EnterpriseLibrary.TransientFaultHandling.Data.6.0.1304.1\lib\NET45
	EndGlobalSection
EndGlobal
